
Microsoft Visual Studio Solution File, Format Version 12.00
# Visual Studio Version 16
VisualStudioVersion = 16.0.32106.194
MinimumVisualStudioVersion = 10.0.40219.1
Project("{9A19103F-16F7-4668-BE54-9A1E7A4F7556}") = "TravelAgencyBusinessLogic", "TravelAgencyBusinessLogic\TravelAgencyBusinessLogic.csproj", "{3690E443-5016-4F00-BCB4-960FCD13619A}"
EndProject
Project("{9A19103F-16F7-4668-BE54-9A1E7A4F7556}") = "TravelAgencyDatabaseImplements", "TravelAgencyDatabaseImplements\TravelAgencyDatabaseImplements.csproj", "{637C0A3D-4159-4228-BFDD-4B5FC4DF4BF1}"
EndProject
Project("{9A19103F-16F7-4668-BE54-9A1E7A4F7556}") = "TravelAgencyContracts", "TravelAgencyContracts\TravelAgencyContracts.csproj", "{262C01B8-DEC2-4084-A68E-0BB520650BF7}"
EndProject
Project("{9A19103F-16F7-4668-BE54-9A1E7A4F7556}") = "TravelAgencyTouristView", "TravelAgencyTouristView\TravelAgencyTouristView.csproj", "{C35D7865-306F-46E2-ADED-B5CCE8015119}"
EndProject
Project("{9A19103F-16F7-4668-BE54-9A1E7A4F7556}") = "TravelAgencyOperatorView", "TravelAgencyOperatorView\TravelAgencyOperatorView.csproj", "{7E14BBAA-C18A-488C-986B-3CEDD72A1A8F}"
EndProject
Project("{FAE04EC0-301F-11D3-BF4B-00C04F79EFBC}") = "TravelAgencyRestApi", "TravelAgencyRestApi\TravelAgencyRestApi.csproj", "{622BA0BE-6A3F-406F-9133-24FA405704D9}"
EndProject
Global
	GlobalSection(SolutionConfigurationPlatforms) = preSolution
		Debug|Any CPU = Debug|Any CPU
		Release|Any CPU = Release|Any CPU
	EndGlobalSection
	GlobalSection(ProjectConfigurationPlatforms) = postSolution
		{3690E443-5016-4F00-BCB4-960FCD13619A}.Debug|Any CPU.ActiveCfg = Debug|Any CPU
		{3690E443-5016-4F00-BCB4-960FCD13619A}.Debug|Any CPU.Build.0 = Debug|Any CPU
		{3690E443-5016-4F00-BCB4-960FCD13619A}.Release|Any CPU.ActiveCfg = Release|Any CPU
		{3690E443-5016-4F00-BCB4-960FCD13619A}.Release|Any CPU.Build.0 = Release|Any CPU
		{637C0A3D-4159-4228-BFDD-4B5FC4DF4BF1}.Debug|Any CPU.ActiveCfg = Debug|Any CPU
		{637C0A3D-4159-4228-BFDD-4B5FC4DF4BF1}.Debug|Any CPU.Build.0 = Debug|Any CPU
		{637C0A3D-4159-4228-BFDD-4B5FC4DF4BF1}.Release|Any CPU.ActiveCfg = Release|Any CPU
		{637C0A3D-4159-4228-BFDD-4B5FC4DF4BF1}.Release|Any CPU.Build.0 = Release|Any CPU
		{262C01B8-DEC2-4084-A68E-0BB520650BF7}.Debug|Any CPU.ActiveCfg = Debug|Any CPU
		{262C01B8-DEC2-4084-A68E-0BB520650BF7}.Debug|Any CPU.Build.0 = Debug|Any CPU
		{262C01B8-DEC2-4084-A68E-0BB520650BF7}.Release|Any CPU.ActiveCfg = Release|Any CPU
		{262C01B8-DEC2-4084-A68E-0BB520650BF7}.Release|Any CPU.Build.0 = Release|Any CPU
		{C35D7865-306F-46E2-ADED-B5CCE8015119}.Debug|Any CPU.ActiveCfg = Debug|Any CPU
		{C35D7865-306F-46E2-ADED-B5CCE8015119}.Debug|Any CPU.Build.0 = Debug|Any CPU
		{C35D7865-306F-46E2-ADED-B5CCE8015119}.Release|Any CPU.ActiveCfg = Release|Any CPU
		{C35D7865-306F-46E2-ADED-B5CCE8015119}.Release|Any CPU.Build.0 = Release|Any CPU
		{7E14BBAA-C18A-488C-986B-3CEDD72A1A8F}.Debug|Any CPU.ActiveCfg = Debug|Any CPU
		{7E14BBAA-C18A-488C-986B-3CEDD72A1A8F}.Debug|Any CPU.Build.0 = Debug|Any CPU
		{7E14BBAA-C18A-488C-986B-3CEDD72A1A8F}.Release|Any CPU.ActiveCfg = Release|Any CPU
		{7E14BBAA-C18A-488C-986B-3CEDD72A1A8F}.Release|Any CPU.Build.0 = Release|Any CPU
		{622BA0BE-6A3F-406F-9133-24FA405704D9}.Debug|Any CPU.ActiveCfg = Debug|Any CPU
		{622BA0BE-6A3F-406F-9133-24FA405704D9}.Debug|Any CPU.Build.0 = Debug|Any CPU
		{622BA0BE-6A3F-406F-9133-24FA405704D9}.Release|Any CPU.ActiveCfg = Release|Any CPU
		{622BA0BE-6A3F-406F-9133-24FA405704D9}.Release|Any CPU.Build.0 = Release|Any CPU
	EndGlobalSection
	GlobalSection(SolutionProperties) = preSolution
		HideSolutionNode = FALSE
	EndGlobalSection
	GlobalSection(ExtensibilityGlobals) = postSolution
		SolutionGuid = {9663919F-4142-43C9-B929-5B8B185A54A0}
	EndGlobalSection
EndGlobal
